
Microsoft Visual Studio Solution File, Format Version 12.00
# Visual Studio Version 17
VisualStudioVersion = 17.1.32210.238
MinimumVisualStudioVersion = 10.0.40219.1
Project("{FAE04EC0-301F-11D3-BF4B-00C04F79EFBC}") = "CollegeManagementLRM_NET5", "CollegeManagementLRM_NET5\CollegeManagementLRM_NET5.csproj", "{4E458C2A-8012-45C0-9A2C-38BF94F6017E}"
EndProject
Global
	GlobalSection(SolutionConfigurationPlatforms) = preSolution
		Debug|Any CPU = Debug|Any CPU
		Release|Any CPU = Release|Any CPU
	EndGlobalSection
	GlobalSection(ProjectConfigurationPlatforms) = postSolution
		{4E458C2A-8012-45C0-9A2C-38BF94F6017E}.Debug|Any CPU.ActiveCfg = Debug|Any CPU
		{4E458C2A-8012-45C0-9A2C-38BF94F6017E}.Debug|Any CPU.Build.0 = Debug|Any CPU
		{4E458C2A-8012-45C0-9A2C-38BF94F6017E}.Release|Any CPU.ActiveCfg = Release|Any CPU
		{4E458C2A-8012-45C0-9A2C-38BF94F6017E}.Release|Any CPU.Build.0 = Release|Any CPU
	EndGlobalSection
	GlobalSection(SolutionProperties) = preSolution
		HideSolutionNode = FALSE
	EndGlobalSection
	GlobalSection(ExtensibilityGlobals) = postSolution
		SolutionGuid = {C4C02BBE-264B-495C-92EF-08DDF8F7C22E}
	EndGlobalSection
EndGlobal
